
Microsoft Visual Studio Solution File, Format Version 12.00
# Visual Studio Version 16
VisualStudioVersion = 16.0.29709.97
MinimumVisualStudioVersion = 10.0.40219.1
Project("{FAE04EC0-301F-11D3-BF4B-00C04F79EFBC}") = "UnsafeCode_Urok30", "UnsafeCode_Urok30\UnsafeCode_Urok30.csproj", "{7ADDB074-67C6-47BB-A926-5A5BE3499A8F}"
EndProject
Global
	GlobalSection(SolutionConfigurationPlatforms) = preSolution
		Debug|Any CPU = Debug|Any CPU
		Release|Any CPU = Release|Any CPU
	EndGlobalSection
	GlobalSection(ProjectConfigurationPlatforms) = postSolution
		{7ADDB074-67C6-47BB-A926-5A5BE3499A8F}.Debug|Any CPU.ActiveCfg = Debug|Any CPU
		{7ADDB074-67C6-47BB-A926-5A5BE3499A8F}.Debug|Any CPU.Build.0 = Debug|Any CPU
		{7ADDB074-67C6-47BB-A926-5A5BE3499A8F}.Release|Any CPU.ActiveCfg = Release|Any CPU
		{7ADDB074-67C6-47BB-A926-5A5BE3499A8F}.Release|Any CPU.Build.0 = Release|Any CPU
	EndGlobalSection
	GlobalSection(SolutionProperties) = preSolution
		HideSolutionNode = FALSE
	EndGlobalSection
	GlobalSection(ExtensibilityGlobals) = postSolution
		SolutionGuid = {745BE357-9404-49E5-9F06-18111F143C39}
	EndGlobalSection
EndGlobal
